{
  "name": "contact-bp",
  "version": "1.0.0",
  "lockfileVersion": 1,
  "requires": true,
  "dependencies": {
    "coriander": {
      "version": "1.2.3",
      "resolved": "https://registry.npmjs.org/coriander/-/coriander-1.2.3.tgz",
      "integrity": "sha512-UosvTliThlx0F3LcKjSQf3namKlOo6gy+0IR3UF0ZMU2dZg9ie7FoxdTLRsMZWooBrQX0wIKFT9WEPGOw1YxHw=="
    }
  }
}
